
Microsoft Visual Studio Solution File, Format Version 12.00
# Visual Studio Version 16
VisualStudioVersion = 16.0.34031.81
MinimumVisualStudioVersion = 10.0.40219.1
Project("{2150E333-8FDC-42A3-9474-1A3956D46DE8}") = "Task0", "Task0", "{8D747716-6E42-4BAD-B1F7-67E296DAEFA9}"
EndProject
Project("{FAE04EC0-301F-11D3-BF4B-00C04F79EFBC}") = "Tyuiu.FaizullinDR.Sprint6.Task0.V28.Lib", "Tyuiu.FaizullinDR.Sprint6.Task0.V28.Lib\Tyuiu.FaizullinDR.Sprint6.Task0.V28.Lib.csproj", "{50E34214-22F0-4D05-B0D2-0312B0F08ABA}"
EndProject
Project("{FAE04EC0-301F-11D3-BF4B-00C04F79EFBC}") = "Tyuiu.FaizullinDR.Sprint6.Task0.V28.Test", "Tyuiu.FaizullinDR.Sprint6.Task0.V28.Test\Tyuiu.FaizullinDR.Sprint6.Task0.V28.Test.csproj", "{717F908E-1072-4527-8465-571CC7161383}"
EndProject
Project("{FAE04EC0-301F-11D3-BF4B-00C04F79EFBC}") = "Tyuiu.FaizullinDR.Sprint6.Task0.V28", "Tyuiu.FaizullinDR.Sprint6.Task0.V28\Tyuiu.FaizullinDR.Sprint6.Task0.V28.csproj", "{108446B4-8E41-48ED-94C2-FAA5501A3897}"
EndProject
Project("{2150E333-8FDC-42A3-9474-1A3956D46DE8}") = "Task1", "Task1", "{971B6075-B8D9-49EA-89B4-7852D35C6B55}"
EndProject
Project("{FAE04EC0-301F-11D3-BF4B-00C04F79EFBC}") = "Tyuiu.FaizullinDR.Sprint6.Task1.V14.Lib", "Tyuiu.FaizullinDR.Sprint6.Task1.V14.Lib\Tyuiu.FaizullinDR.Sprint6.Task1.V14.Lib.csproj", "{5D13E000-ACEF-4FA9-9D03-0FDA61E30471}"
EndProject
Project("{FAE04EC0-301F-11D3-BF4B-00C04F79EFBC}") = "Tyuiu.FaizullinDR.Sprint6.Task1.V14.Test", "Tyuiu.FaizullinDR.Sprint6.Task1.V14.Test\Tyuiu.FaizullinDR.Sprint6.Task1.V14.Test.csproj", "{8F9CE80C-5C1D-41EF-ACE6-063AADE133AC}"
EndProject
Project("{FAE04EC0-301F-11D3-BF4B-00C04F79EFBC}") = "Tyuiu.FaizullinDR.Sprint6.Task1.V14", "Tyuiu.FaizullinDR.Sprint6.Task1.V14\Tyuiu.FaizullinDR.Sprint6.Task1.V14.csproj", "{F8C27C8A-7FC6-40A5-9DD8-4D5331E419DB}"
EndProject
Project("{2150E333-8FDC-42A3-9474-1A3956D46DE8}") = "Task2", "Task2", "{B6BAEC44-6E46-4142-B310-6E4849F2F502}"
EndProject
Project("{FAE04EC0-301F-11D3-BF4B-00C04F79EFBC}") = "Tyuiu.FaizullinDR.Sprint6.Task2.V8.Lib", "Tyuiu.FaizullinDR.Sprint6.Task2.V8.Lib\Tyuiu.FaizullinDR.Sprint6.Task2.V8.Lib.csproj", "{C0C8DA6D-FCCD-4061-BC58-571B201C6D4C}"
EndProject
Project("{FAE04EC0-301F-11D3-BF4B-00C04F79EFBC}") = "Tyuiu.FaizullinDR.Sprint6.Task2.V8.Test", "Tyuiu.FaizullinDR.Sprint6.Task2.V8.Test\Tyuiu.FaizullinDR.Sprint6.Task2.V8.Test.csproj", "{56486667-E757-457E-86DB-FBC40371B176}"
EndProject
Project("{FAE04EC0-301F-11D3-BF4B-00C04F79EFBC}") = "Tyuiu.FaizullinDR.Sprint6.Task2.V8", "Tyuiu.FaizullinDR.Sprint6.Task2.V8\Tyuiu.FaizullinDR.Sprint6.Task2.V8.csproj", "{42A82A51-26EB-43B8-A61B-A7882B1CDD50}"
EndProject
Project("{2150E333-8FDC-42A3-9474-1A3956D46DE8}") = "Task3", "Task3", "{8A4825AD-2418-463B-B3A5-8D43FFD32C73}"
EndProject
Project("{FAE04EC0-301F-11D3-BF4B-00C04F79EFBC}") = "Tyuiu.FaizullinDR.Sprint6.Task3.V26.Lib", "Tyuiu.FaizullinDR.Sprint6.Task3.V26.Lib\Tyuiu.FaizullinDR.Sprint6.Task3.V26.Lib.csproj", "{64717D60-C6A6-4DA5-B7D4-9244EFB87706}"
EndProject
Project("{FAE04EC0-301F-11D3-BF4B-00C04F79EFBC}") = "Tyuiu.FaizullinDR.Sprint6.Task3.V26.Test", "Tyuiu.FaizullinDR.Sprint6.Task3.V26.Test\Tyuiu.FaizullinDR.Sprint6.Task3.V26.Test.csproj", "{E5D62371-BD1F-46AB-8FEA-46B023B0E6E0}"
EndProject
Project("{FAE04EC0-301F-11D3-BF4B-00C04F79EFBC}") = "Tyuiu.FaizullinDR.Sprint6.Task3.V26", "Tyuiu.FaizullinDR.Sprint6.Task3.V26\Tyuiu.FaizullinDR.Sprint6.Task3.V26.csproj", "{37A6C59F-3996-4D0D-9712-CA30D2F9C57B}"
EndProject
Project("{2150E333-8FDC-42A3-9474-1A3956D46DE8}") = "Task4", "Task4", "{44488B39-9822-437B-AF29-04D9BB240867}"
EndProject
Project("{FAE04EC0-301F-11D3-BF4B-00C04F79EFBC}") = "Tyuiu.FaizullinDR.Sprint6.Task4.V20.Lib", "Tyuiu.FaizullinDR.Sprint6.Task4.V20.Lib\Tyuiu.FaizullinDR.Sprint6.Task4.V20.Lib.csproj", "{0631D6FC-35D3-47A0-96FA-E46610DBCEE6}"
EndProject
Project("{FAE04EC0-301F-11D3-BF4B-00C04F79EFBC}") = "Tyuiu.FaizullinDR.Sprint6.Task4.V20.Test", "Tyuiu.FaizullinDR.Sprint6.Task4.V20.Test\Tyuiu.FaizullinDR.Sprint6.Task4.V20.Test.csproj", "{45455A43-E741-42FD-B219-9CE73C4EA1E2}"
EndProject
Project("{FAE04EC0-301F-11D3-BF4B-00C04F79EFBC}") = "Tyuiu.FaizullinDR.Sprint6.Task4.V20", "Tyuiu.FaizullinDR.Sprint6.Task4.V20\Tyuiu.FaizullinDR.Sprint6.Task4.V20.csproj", "{31ACEE73-F32A-42BF-8B19-4E7C2BDBEE53}"
EndProject
Project("{2150E333-8FDC-42A3-9474-1A3956D46DE8}") = "Task5", "Task5", "{5984B53D-4DA0-46CA-959B-BDB85596D91E}"
EndProject
Project("{FAE04EC0-301F-11D3-BF4B-00C04F79EFBC}") = "Tyuiu.FaizullinDR.Sprint6.Task5.V11", "Tyuiu.FaizullinDR.Sprint6.Task5.V11\Tyuiu.FaizullinDR.Sprint6.Task5.V11.csproj", "{46DECE34-7F8E-4D45-A9FC-E04CC67F3AB1}"
EndProject
Project("{FAE04EC0-301F-11D3-BF4B-00C04F79EFBC}") = "Tyuiu.FaizullinDR.Sprint6.Task5.V11.Lib", "Tyuiu.FaizullinDR.Sprint6.Task5.V11.Lib\Tyuiu.FaizullinDR.Sprint6.Task5.V11.Lib.csproj", "{D03E4261-CB59-4748-B719-C0E20132F91F}"
EndProject
Project("{FAE04EC0-301F-11D3-BF4B-00C04F79EFBC}") = "yuiu.FaizullinDR.Sprint6.Task5.V11.Test", "yuiu.FaizullinDR.Sprint6.Task5.V11.Test\yuiu.FaizullinDR.Sprint6.Task5.V11.Test.csproj", "{C8A08070-EB85-4A39-96E9-F7FA1ED5B7E5}"
EndProject
Global
	GlobalSection(SolutionConfigurationPlatforms) = preSolution
		Debug|Any CPU = Debug|Any CPU
		Release|Any CPU = Release|Any CPU
	EndGlobalSection
	GlobalSection(ProjectConfigurationPlatforms) = postSolution
		{50E34214-22F0-4D05-B0D2-0312B0F08ABA}.Debug|Any CPU.ActiveCfg = Debug|Any CPU
		{50E34214-22F0-4D05-B0D2-0312B0F08ABA}.Debug|Any CPU.Build.0 = Debug|Any CPU
		{50E34214-22F0-4D05-B0D2-0312B0F08ABA}.Release|Any CPU.ActiveCfg = Release|Any CPU
		{50E34214-22F0-4D05-B0D2-0312B0F08ABA}.Release|Any CPU.Build.0 = Release|Any CPU
		{717F908E-1072-4527-8465-571CC7161383}.Debug|Any CPU.ActiveCfg = Debug|Any CPU
		{717F908E-1072-4527-8465-571CC7161383}.Debug|Any CPU.Build.0 = Debug|Any CPU
		{717F908E-1072-4527-8465-571CC7161383}.Release|Any CPU.ActiveCfg = Release|Any CPU
		{717F908E-1072-4527-8465-571CC7161383}.Release|Any CPU.Build.0 = Release|Any CPU
		{108446B4-8E41-48ED-94C2-FAA5501A3897}.Debug|Any CPU.ActiveCfg = Debug|Any CPU
		{108446B4-8E41-48ED-94C2-FAA5501A3897}.Debug|Any CPU.Build.0 = Debug|Any CPU
		{108446B4-8E41-48ED-94C2-FAA5501A3897}.Release|Any CPU.ActiveCfg = Release|Any CPU
		{108446B4-8E41-48ED-94C2-FAA5501A3897}.Release|Any CPU.Build.0 = Release|Any CPU
		{5D13E000-ACEF-4FA9-9D03-0FDA61E30471}.Debug|Any CPU.ActiveCfg = Debug|Any CPU
		{5D13E000-ACEF-4FA9-9D03-0FDA61E30471}.Debug|Any CPU.Build.0 = Debug|Any CPU
		{5D13E000-ACEF-4FA9-9D03-0FDA61E30471}.Release|Any CPU.ActiveCfg = Release|Any CPU
		{5D13E000-ACEF-4FA9-9D03-0FDA61E30471}.Release|Any CPU.Build.0 = Release|Any CPU
		{8F9CE80C-5C1D-41EF-ACE6-063AADE133AC}.Debug|Any CPU.ActiveCfg = Debug|Any CPU
		{8F9CE80C-5C1D-41EF-ACE6-063AADE133AC}.Debug|Any CPU.Build.0 = Debug|Any CPU
		{8F9CE80C-5C1D-41EF-ACE6-063AADE133AC}.Release|Any CPU.ActiveCfg = Release|Any CPU
		{8F9CE80C-5C1D-41EF-ACE6-063AADE133AC}.Release|Any CPU.Build.0 = Release|Any CPU
		{F8C27C8A-7FC6-40A5-9DD8-4D5331E419DB}.Debug|Any CPU.ActiveCfg = Debug|Any CPU
		{F8C27C8A-7FC6-40A5-9DD8-4D5331E419DB}.Debug|Any CPU.Build.0 = Debug|Any CPU
		{F8C27C8A-7FC6-40A5-9DD8-4D5331E419DB}.Release|Any CPU.ActiveCfg = Release|Any CPU
		{F8C27C8A-7FC6-40A5-9DD8-4D5331E419DB}.Release|Any CPU.Build.0 = Release|Any CPU
		{C0C8DA6D-FCCD-4061-BC58-571B201C6D4C}.Debug|Any CPU.ActiveCfg = Debug|Any CPU
		{C0C8DA6D-FCCD-4061-BC58-571B201C6D4C}.Debug|Any CPU.Build.0 = Debug|Any CPU
		{C0C8DA6D-FCCD-4061-BC58-571B201C6D4C}.Release|Any CPU.ActiveCfg = Release|Any CPU
		{C0C8DA6D-FCCD-4061-BC58-571B201C6D4C}.Release|Any CPU.Build.0 = Release|Any CPU
		{56486667-E757-457E-86DB-FBC40371B176}.Debug|Any CPU.ActiveCfg = Debug|Any CPU
		{56486667-E757-457E-86DB-FBC40371B176}.Debug|Any CPU.Build.0 = Debug|Any CPU
		{56486667-E757-457E-86DB-FBC40371B176}.Release|Any CPU.ActiveCfg = Release|Any CPU
		{56486667-E757-457E-86DB-FBC40371B176}.Release|Any CPU.Build.0 = Release|Any CPU
		{42A82A51-26EB-43B8-A61B-A7882B1CDD50}.Debug|Any CPU.ActiveCfg = Debug|Any CPU
		{42A82A51-26EB-43B8-A61B-A7882B1CDD50}.Debug|Any CPU.Build.0 = Debug|Any CPU
		{42A82A51-26EB-43B8-A61B-A7882B1CDD50}.Release|Any CPU.ActiveCfg = Release|Any CPU
		{42A82A51-26EB-43B8-A61B-A7882B1CDD50}.Release|Any CPU.Build.0 = Release|Any CPU
		{64717D60-C6A6-4DA5-B7D4-9244EFB87706}.Debug|Any CPU.ActiveCfg = Debug|Any CPU
		{64717D60-C6A6-4DA5-B7D4-9244EFB87706}.Debug|Any CPU.Build.0 = Debug|Any CPU
		{64717D60-C6A6-4DA5-B7D4-9244EFB87706}.Release|Any CPU.ActiveCfg = Release|Any CPU
		{64717D60-C6A6-4DA5-B7D4-9244EFB87706}.Release|Any CPU.Build.0 = Release|Any CPU
		{E5D62371-BD1F-46AB-8FEA-46B023B0E6E0}.Debug|Any CPU.ActiveCfg = Debug|Any CPU
		{E5D62371-BD1F-46AB-8FEA-46B023B0E6E0}.Debug|Any CPU.Build.0 = Debug|Any CPU
		{E5D62371-BD1F-46AB-8FEA-46B023B0E6E0}.Release|Any CPU.ActiveCfg = Release|Any CPU
		{E5D62371-BD1F-46AB-8FEA-46B023B0E6E0}.Release|Any CPU.Build.0 = Release|Any CPU
		{37A6C59F-3996-4D0D-9712-CA30D2F9C57B}.Debug|Any CPU.ActiveCfg = Debug|Any CPU
		{37A6C59F-3996-4D0D-9712-CA30D2F9C57B}.Debug|Any CPU.Build.0 = Debug|Any CPU
		{37A6C59F-3996-4D0D-9712-CA30D2F9C57B}.Release|Any CPU.ActiveCfg = Release|Any CPU
		{37A6C59F-3996-4D0D-9712-CA30D2F9C57B}.Release|Any CPU.Build.0 = Release|Any CPU
		{0631D6FC-35D3-47A0-96FA-E46610DBCEE6}.Debug|Any CPU.ActiveCfg = Debug|Any CPU
		{0631D6FC-35D3-47A0-96FA-E46610DBCEE6}.Debug|Any CPU.Build.0 = Debug|Any CPU
		{0631D6FC-35D3-47A0-96FA-E46610DBCEE6}.Release|Any CPU.ActiveCfg = Release|Any CPU
		{0631D6FC-35D3-47A0-96FA-E46610DBCEE6}.Release|Any CPU.Build.0 = Release|Any CPU
		{45455A43-E741-42FD-B219-9CE73C4EA1E2}.Debug|Any CPU.ActiveCfg = Debug|Any CPU
		{45455A43-E741-42FD-B219-9CE73C4EA1E2}.Debug|Any CPU.Build.0 = Debug|Any CPU
		{45455A43-E741-42FD-B219-9CE73C4EA1E2}.Release|Any CPU.ActiveCfg = Release|Any CPU
		{45455A43-E741-42FD-B219-9CE73C4EA1E2}.Release|Any CPU.Build.0 = Release|Any CPU
		{31ACEE73-F32A-42BF-8B19-4E7C2BDBEE53}.Debug|Any CPU.ActiveCfg = Debug|Any CPU
		{31ACEE73-F32A-42BF-8B19-4E7C2BDBEE53}.Debug|Any CPU.Build.0 = Debug|Any CPU
		{31ACEE73-F32A-42BF-8B19-4E7C2BDBEE53}.Release|Any CPU.ActiveCfg = Release|Any CPU
		{31ACEE73-F32A-42BF-8B19-4E7C2BDBEE53}.Release|Any CPU.Build.0 = Release|Any CPU
		{46DECE34-7F8E-4D45-A9FC-E04CC67F3AB1}.Debug|Any CPU.ActiveCfg = Debug|Any CPU
		{46DECE34-7F8E-4D45-A9FC-E04CC67F3AB1}.Debug|Any CPU.Build.0 = Debug|Any CPU
		{46DECE34-7F8E-4D45-A9FC-E04CC67F3AB1}.Release|Any CPU.ActiveCfg = Release|Any CPU
		{46DECE34-7F8E-4D45-A9FC-E04CC67F3AB1}.Release|Any CPU.Build.0 = Release|Any CPU
		{D03E4261-CB59-4748-B719-C0E20132F91F}.Debug|Any CPU.ActiveCfg = Debug|Any CPU
		{D03E4261-CB59-4748-B719-C0E20132F91F}.Debug|Any CPU.Build.0 = Debug|Any CPU
		{D03E4261-CB59-4748-B719-C0E20132F91F}.Release|Any CPU.ActiveCfg = Release|Any CPU
		{D03E4261-CB59-4748-B719-C0E20132F91F}.Release|Any CPU.Build.0 = Release|Any CPU
		{C8A08070-EB85-4A39-96E9-F7FA1ED5B7E5}.Debug|Any CPU.ActiveCfg = Debug|Any CPU
		{C8A08070-EB85-4A39-96E9-F7FA1ED5B7E5}.Debug|Any CPU.Build.0 = Debug|Any CPU
		{C8A08070-EB85-4A39-96E9-F7FA1ED5B7E5}.Release|Any CPU.ActiveCfg = Release|Any CPU
		{C8A08070-EB85-4A39-96E9-F7FA1ED5B7E5}.Release|Any CPU.Build.0 = Release|Any CPU
	EndGlobalSection
	GlobalSection(SolutionProperties) = preSolution
		HideSolutionNode = FALSE
	EndGlobalSection
	GlobalSection(NestedProjects) = preSolution
		{50E34214-22F0-4D05-B0D2-0312B0F08ABA} = {8D747716-6E42-4BAD-B1F7-67E296DAEFA9}
		{717F908E-1072-4527-8465-571CC7161383} = {8D747716-6E42-4BAD-B1F7-67E296DAEFA9}
		{108446B4-8E41-48ED-94C2-FAA5501A3897} = {8D747716-6E42-4BAD-B1F7-67E296DAEFA9}
		{5D13E000-ACEF-4FA9-9D03-0FDA61E30471} = {971B6075-B8D9-49EA-89B4-7852D35C6B55}
		{8F9CE80C-5C1D-41EF-ACE6-063AADE133AC} = {971B6075-B8D9-49EA-89B4-7852D35C6B55}
		{F8C27C8A-7FC6-40A5-9DD8-4D5331E419DB} = {971B6075-B8D9-49EA-89B4-7852D35C6B55}
		{C0C8DA6D-FCCD-4061-BC58-571B201C6D4C} = {B6BAEC44-6E46-4142-B310-6E4849F2F502}
		{56486667-E757-457E-86DB-FBC40371B176} = {B6BAEC44-6E46-4142-B310-6E4849F2F502}
		{42A82A51-26EB-43B8-A61B-A7882B1CDD50} = {B6BAEC44-6E46-4142-B310-6E4849F2F502}
		{64717D60-C6A6-4DA5-B7D4-9244EFB87706} = {8A4825AD-2418-463B-B3A5-8D43FFD32C73}
		{E5D62371-BD1F-46AB-8FEA-46B023B0E6E0} = {8A4825AD-2418-463B-B3A5-8D43FFD32C73}
		{37A6C59F-3996-4D0D-9712-CA30D2F9C57B} = {8A4825AD-2418-463B-B3A5-8D43FFD32C73}
		{0631D6FC-35D3-47A0-96FA-E46610DBCEE6} = {44488B39-9822-437B-AF29-04D9BB240867}
		{45455A43-E741-42FD-B219-9CE73C4EA1E2} = {44488B39-9822-437B-AF29-04D9BB240867}
		{31ACEE73-F32A-42BF-8B19-4E7C2BDBEE53} = {44488B39-9822-437B-AF29-04D9BB240867}
		{46DECE34-7F8E-4D45-A9FC-E04CC67F3AB1} = {5984B53D-4DA0-46CA-959B-BDB85596D91E}
		{D03E4261-CB59-4748-B719-C0E20132F91F} = {5984B53D-4DA0-46CA-959B-BDB85596D91E}
		{C8A08070-EB85-4A39-96E9-F7FA1ED5B7E5} = {5984B53D-4DA0-46CA-959B-BDB85596D91E}
	EndGlobalSection
	GlobalSection(ExtensibilityGlobals) = postSolution
		SolutionGuid = {29E29451-D80C-466E-B5DA-FFF9CC66D5B4}
	EndGlobalSection
EndGlobal
